
Microsoft Visual Studio Solution File, Format Version 12.00
# Visual Studio Version 17
VisualStudioVersion = 17.14.36203.30 d17.14
MinimumVisualStudioVersion = 10.0.40219.1
Project("{FAE04EC0-301F-11D3-BF4B-00C04F79EFBC}") = "WordPlayGameServer", "WordPlayGameServer.csproj", "{C05DF3DF-5C88-4397-8E86-9A7B8BA6550D}"
EndProject
Global
	GlobalSection(SolutionConfigurationPlatforms) = preSolution
		Debug|Any CPU = Debug|Any CPU
		Release|Any CPU = Release|Any CPU
	EndGlobalSection
	GlobalSection(ProjectConfigurationPlatforms) = postSolution
		{C05DF3DF-5C88-4397-8E86-9A7B8BA6550D}.Debug|Any CPU.ActiveCfg = Debug|Any CPU
		{C05DF3DF-5C88-4397-8E86-9A7B8BA6550D}.Debug|Any CPU.Build.0 = Debug|Any CPU
		{C05DF3DF-5C88-4397-8E86-9A7B8BA6550D}.Release|Any CPU.ActiveCfg = Release|Any CPU
		{C05DF3DF-5C88-4397-8E86-9A7B8BA6550D}.Release|Any CPU.Build.0 = Release|Any CPU
	EndGlobalSection
	GlobalSection(SolutionProperties) = preSolution
		HideSolutionNode = FALSE
	EndGlobalSection
	GlobalSection(ExtensibilityGlobals) = postSolution
		SolutionGuid = {CBE36876-CA28-4C8A-8480-2C78DEC843C1}
	EndGlobalSection
EndGlobal
